
Microsoft Visual Studio Solution File, Format Version 12.00
Project("{FAE04EC0-301F-11D3-BF4B-00C04F79EFBC}") = "HeroAcademyBattleSimulator", "HeroAcademyBattleSimulator\HeroAcademyBattleSimulator.csproj", "{0577C512-7B61-469B-8E56-DB76C85118E3}"
EndProject
Project("{FAE04EC0-301F-11D3-BF4B-00C04F79EFBC}") = "LibraryLogisticsSystem", "LibraryLogisticsSystem\LibraryLogisticsSystem.csproj", "{43036CC9-AFAC-4ADB-8B8C-EBE3765E711B}"
EndProject
Project("{FAE04EC0-301F-11D3-BF4B-00C04F79EFBC}") = "TargetSearchingSystem", "TargetSearchingSystem\TargetSearchingSystem.csproj", "{B582F92E-88F6-4B35-BDE1-7A3327BF8086}"
EndProject
Global
	GlobalSection(SolutionConfigurationPlatforms) = preSolution
		Debug|Any CPU = Debug|Any CPU
		Release|Any CPU = Release|Any CPU
	EndGlobalSection
	GlobalSection(ProjectConfigurationPlatforms) = postSolution
		{0577C512-7B61-469B-8E56-DB76C85118E3}.Debug|Any CPU.ActiveCfg = Debug|Any CPU
		{0577C512-7B61-469B-8E56-DB76C85118E3}.Debug|Any CPU.Build.0 = Debug|Any CPU
		{0577C512-7B61-469B-8E56-DB76C85118E3}.Release|Any CPU.ActiveCfg = Release|Any CPU
		{0577C512-7B61-469B-8E56-DB76C85118E3}.Release|Any CPU.Build.0 = Release|Any CPU
		{43036CC9-AFAC-4ADB-8B8C-EBE3765E711B}.Debug|Any CPU.ActiveCfg = Debug|Any CPU
		{43036CC9-AFAC-4ADB-8B8C-EBE3765E711B}.Debug|Any CPU.Build.0 = Debug|Any CPU
		{43036CC9-AFAC-4ADB-8B8C-EBE3765E711B}.Release|Any CPU.ActiveCfg = Release|Any CPU
		{43036CC9-AFAC-4ADB-8B8C-EBE3765E711B}.Release|Any CPU.Build.0 = Release|Any CPU
		{B582F92E-88F6-4B35-BDE1-7A3327BF8086}.Debug|Any CPU.ActiveCfg = Debug|Any CPU
		{B582F92E-88F6-4B35-BDE1-7A3327BF8086}.Debug|Any CPU.Build.0 = Debug|Any CPU
		{B582F92E-88F6-4B35-BDE1-7A3327BF8086}.Release|Any CPU.ActiveCfg = Release|Any CPU
		{B582F92E-88F6-4B35-BDE1-7A3327BF8086}.Release|Any CPU.Build.0 = Release|Any CPU
	EndGlobalSection
EndGlobal
